// !$*UTF8*$!
{
	archiveVersion = 1;
	classes = {
	};
	objectVersion = 46;
	objects = {

/* Begin PBXBuildFile section */
		E8BD22661EA3A47100862B4A /* AppDelegate.swift in Sources */ = {isa = PBXBuildFile; fileRef = E8BD22651EA3A47100862B4A /* AppDelegate.swift */; };
		E8BD22681EA3A47100862B4A /* ViewController.swift in Sources */ = {isa = PBXBuildFile; fileRef = E8BD22671EA3A47100862B4A /* ViewController.swift */; };
		E8BD226B1EA3A47100862B4A /* Main.storyboard in Resources */ = {isa = PBXBuildFile; fileRef = E8BD22691EA3A47100862B4A /* Main.storyboard */; };
		E8BD226D1EA3A47100862B4A /* Assets.xcassets in Resources */ = {isa = PBXBuildFile; fileRef = E8BD226C1EA3A47100862B4A /* Assets.xcassets */; };
		E8BD22701EA3A47100862B4A /* LaunchScreen.storyboard in Resources */ = {isa = PBXBuildFile; fileRef = E8BD226E1EA3A47100862B4A /* LaunchScreen.storyboard */; };
/* End PBXBuildFile section */

/* Begin PBXFileReference section */
		E8BD22621EA3A47100862B4A /* CalculatorTutorial.app */ = {isa = PBXFileReference; explicitFileType = wrapper.application; includeInIndex = 0; path = CalculatorTutorial.app; sourceTree = BUILT_PRODUCTS_DIR; };
		E8BD22651EA3A47100862B4A /* AppDelegate.swift */ = {isa = PBXFileReference; lastKnownFileType = sourcecode.swift; path = AppDelegate.swift; sourceTree = "<group>"; };
		E8BD22671EA3A47100862B4A /* ViewController.swift */ = {isa = PBXFileReference; lastKnownFileType = sourcecode.swift; path = ViewController.swift; sourceTree = "<group>"; };
		E8BD226A1EA3A47100862B4A /* Base */ = {isa = PBXFileReference; lastKnownFileType = file.storyboard; name = Base; path = Base.lproj/Main.storyboard; sourceTree = "<group>"; };
		E8BD226C1EA3A47100862B4A /* Assets.xcassets */ = {isa = PBXFileReference; lastKnownFileType = folder.assetcatalog; path = Assets.xcassets; sourceTree = "<group>"; };
		E8BD226F1EA3A47100862B4A /* Base */ = {isa = PBXFileReference; lastKnownFileType = file.storyboard; name = Base; path = Base.lproj/LaunchScreen.storyboard; sourceTree = "<group>"; };
		E8BD22711EA3A47100862B4A /* Info.plist */ = {isa = PBXFileReference; lastKnownFileType = text.plist.xml; path = Info.plist; sourceTree = "<group>"; };
/* End PBXFileReference section */

/* Begin PBXFrameworksBuildPhase section */
		E8BD225F1EA3A47100862B4A /* Frameworks */ = {
			isa = PBXFrameworksBuildPhase;
			buildActionMask = 2147483647;
			files = (
			);
			runOnlyForDeploymentPostprocessing = 0;
		};
/* End PBXFrameworksBuildPhase section */

/* Begin PBXGroup section */
		E8BD22591EA3A47100862B4A = {
			isa = PBXGroup;
			children = (
				E8BD22641EA3A47100862B4A /* CalculatorTutorial */,
				E8BD22631EA3A47100862B4A /* Products */,
			);
			sourceTree = "<group>";
		};
		E8BD22631EA3A47100862B4A /* Products */ = {
			isa = PBXGroup;
			children = (
				E8BD22621EA3A47100862B4A /* CalculatorTutorial.app */,
			);
			name = Products;
			sourceTree = "<group>";
		};
		E8BD22641EA3A47100862B4A /* CalculatorTutorial */ = {
			isa = PBXGroup;
			children = (
				E8BD22651EA3A47100862B4A /* AppDelegate.swift */,
				E8BD22671EA3A47100862B4A /* ViewController.swift */,
				E8BD22691EA3A47100862B4A /* Main.storyboard */,
				E8BD226C1EA3A47100862B4A /* Assets.xcassets */,
				E8BD226E1EA3A47100862B4A /* LaunchScreen.storyboard */,
				E8BD22711EA3A47100862B4A /* Info.plist */,
			);
			path = CalculatorTutorial;
			sourceTree = "<group>";
		};
/* End PBXGroup section */

/* Begin PBXNativeTarget section */
		E8BD22611EA3A47100862B4A /* CalculatorTutorial */ = {
			isa = PBXNativeTarget;
			buildConfigurationList = E8BD22741EA3A47100862B4A /* Build configuration list for PBXNativeTarget "CalculatorTutorial" */;
			buildPhases = (
				E8BD225E1EA3A47100862B4A /* Sources */,
				E8BD225F1EA3A47100862B4A /* Frameworks */,
				E8BD22601EA3A47100862B4A /* Resources */,
			);
			buildRules = (
			);
			dependencies = (
			);
			name = CalculatorTutorial;
			productName = CalculatorTutorial;
			productReference = E8BD22621EA3A47100862B4A /* CalculatorTutorial.app */;
			productType = "com.apple.product-type.application";
		};
/* End PBXNativeTarget section */

/* Begin PBXProject section */
		E8BD225A1EA3A47100862B4A /* Project object */ = {
			isa = PBXProject;
			attributes = {
				LastSwiftUpdateCheck = 0830;
				LastUpgradeCheck = 0830;
				ORGANIZATIONNAME = "dima brodski";
				TargetAttributes = {
					E8BD22611EA3A47100862B4A = {
						CreatedOnToolsVersion = 8.3;
						ProvisioningStyle = Automatic;
					};
				};
			};
			buildConfigurationList = E8BD225D1EA3A47100862B4A /* Build configuration list for PBXProject "CalculatorTutorial" */;
			compatibilityVersion = "Xcode 3.2";
			developmentRegion = English;
			hasScannedForEncodings = 0;
			knownRegions = (
				en,
				Base,
			);
			mainGroup = E8BD22591EA3A47100862B4A;
			productRefGroup = E8BD22631EA3A47100862B4A /* Products */;
			projectDirPath = "";
			projectRoot = "";
			targets = (
				E8BD22611EA3A47100862B4A /* CalculatorTutorial */,
			);
		};
/* End PBXProject section */

/* Begin PBXResourcesBuildPhase section */
		E8BD22601EA3A47100862B4A /* Resources */ = {
			isa = PBXResourcesBuildPhase;
			buildActionMask = 2147483647;
			files = (
				E8BD22701EA3A47100862B4A /* LaunchScreen.storyboard in Resources */,
				E8BD226D1EA3A47100862B4A /* Assets.xcassets in Resources */,
				E8BD226B1EA3A47100862B4A /* Main.storyboard in Resources */,
			);
			runOnlyForDeploymentPostprocessing = 0;
		};
/* End PBXResourcesBuildPhase section */

/* Begin PBXSourcesBuildPhase section */
		E8BD225E1EA3A47100862B4A /* Sources */ = {
			isa = PBXSourcesBuildPhase;
			buildActionMask = 2147483647;
			files = (
				E8BD22681EA3A47100862B4A /* ViewController.swift in Sources */,
				E8BD22661EA3A47100862B4A /* AppDelegate.swift in Sources */,
			);
			runOnlyForDeploymentPostprocessing = 0;
		};
/* End PBXSourcesBuildPhase section */

/* Begin PBXVariantGroup section */
		E8BD22691EA3A47100862B4A /* Main.storyboard */ = {
			isa = PBXVariantGroup;
			children = (
				E8BD226A1EA3A47100862B4A /* Base */,
			);
			name = Main.storyboard;
			sourceTree = "<group>";
		};
		E8BD226E1EA3A47100862B4A /* LaunchScreen.storyboard */ = {
			isa = PBXVariantGroup;
			children = (
				E8BD226F1EA3A47100862B4A /* Base */,
			);
			name = LaunchScreen.storyboard;
			sourceTree = "<group>";
		};
/* End PBXVariantGroup section */

/* Begin XCBuildConfiguration section */
		E8BD22721EA3A47100862B4A /* Debug */ = {
			isa = XCBuildConfiguration;
			buildSettings = {
				ALWAYS_SEARCH_USER_PATHS = NO;
				CLANG_ANALYZER_NONNULL = YES;
				CLANG_ANALYZER_NUMBER_OBJECT_CONVERSION = YES_AGGRESSIVE;
				CLANG_CXX_LANGUAGE_STANDARD = "gnu++0x";
				CLANG_CXX_LIBRARY = "libc++";
				CLANG_ENABLE_MODULES = YES;
				CLANG_ENABLE_OBJC_ARC = YES;
				CLANG_WARN_BOOL_CONVERSION = YES;
				CLANG_WARN_CONSTANT_CONVERSION = YES;
				CLANG_WARN_DIRECT_OBJC_ISA_USAGE = YES_ERROR;
				CLANG_WARN_DOCUMENTATION_COMMENTS = YES;
				CLANG_WARN_EMPTY_BODY = YES;
				CLANG_WARN_ENUM_CONVERSION = YES;
				CLANG_WARN_INFINITE_RECURSION = YES;
				CLANG_WARN_INT_CONVERSION = YES;
				CLANG_WARN_OBJC_ROOT_CLASS = YES_ERROR;
				CLANG_WARN_SUSPICIOUS_MOVE = YES;
				CLANG_WARN_UNREACHABLE_CODE = YES;
				CLANG_WARN__DUPLICATE_METHOD_MATCH = YES;
				"CODE_SIGN_IDENTITY[sdk=iphoneos*]" = "iPhone Developer";
				COPY_PHASE_STRIP = NO;
				DEBUG_INFORMATION_FORMAT = dwarf;
				ENABLE_STRICT_OBJC_MSGSEND = YES;
				ENABLE_TESTABILITY = YES;
				GCC_C_LANGUAGE_STANDARD = gnu99;
				GCC_DYNAMIC_NO_PIC = NO;
				GCC_NO_COMMON_BLOCKS = YES;
				GCC_OPTIMIZATION_LEVEL = 0;
				GCC_PREPROCESSOR_DEFINITIONS = (
					"DEBUG=1",
					"$(inherited)",
				);
				GCC_WARN_64_TO_32_BIT_CONVERSION = YES;
				GCC_WARN_ABOUT_RETURN_TYPE = YES_ERROR;
				GCC_WARN_UNDECLARED_SELECTOR = YES;
				GCC_WARN_UNINITIALIZED_AUTOS = YES_AGGRESSIVE;
				GCC_WARN_UNUSED_FUNCTION = YES;
				GCC_WARN_UNUSED_VARIABLE = YES;
				IPHONEOS_DEPLOYMENT_TARGET = 10.3;
				MTL_ENABLE_DEBUG_INFO = YES;
				ONLY_ACTIVE_ARCH = YES;
				SDKROOT = iphoneos;
				SWIFT_ACTIVE_COMPILATION_CONDITIONS = DEBUG;
				SWIFT_OPTIMIZATION_LEVEL = "-Onone";
			};
			name = Debug;
		};
		E8BD22731EA3A47100862B4A /* Release */ = {
			isa = XCBuildConfiguration;
			buildSettings = {
				ALWAYS_SEARCH_USER_PATHS = NO;
				CLANG_ANALYZER_NONNULL = YES;
				CLANG_ANALYZER_NUMBER_OBJECT_CONVERSION = YES_AGGRESSIVE;
				CLANG_CXX_LANGUAGE_STANDARD = "gnu++0x";
				CLANG_CXX_LIBRARY = "libc++";
				CLANG_ENABLE_MODULES = YES;
				CLANG_ENABLE_OBJC_ARC = YES;
				CLANG_WARN_BOOL_CONVERSION = YES;
				CLANG_WARN_CONSTANT_CONVERSION = YES;
				CLANG_WARN_DIRECT_OBJC_ISA_USAGE = YES_ERROR;
				CLANG_WARN_DOCUMENTATION_COMMENTS = YES;
				CLANG_WARN_EMPTY_BODY = YES;
				CLANG_WARN_ENUM_CONVERSION = YES;
				CLANG_WARN_INFINITE_RECURSION = YES;
				CLANG_WARN_INT_CONVERSION = YES;
				CLANG_WARN_OBJC_ROOT_CLASS = YES_ERROR;
				CLANG_WARN_SUSPICIOUS_MOVE = YES;
				CLANG_WARN_UNREACHABLE_CODE = YES;
				CLANG_WARN__DUPLICATE_METHOD_MATCH = YES;
				"CODE_SIGN_IDENTITY[sdk=iphoneos*]" = "iPhone Developer";
				COPY_PHASE_STRIP = NO;
				DEBUG_INFORMATION_FORMAT = "dwarf-with-dsym";
				ENABLE_NS_ASSERTIONS = NO;
				ENABLE_STRICT_OBJC_MSGSEND = YES;
				GCC_C_LANGUAGE_STANDARD = gnu99;
				GCC_NO_COMMON_BLOCKS = YES;
				GCC_WARN_64_TO_32_BIT_CONVERSION = YES;
				GCC_WARN_ABOUT_RETURN_TYPE = YES_ERROR;
				GCC_WARN_UNDECLARED_SELECTOR = YES;
				GCC_WARN_UNINITIALIZED_AUTOS = YES_AGGRESSIVE;
				GCC_WARN_UNUSED_FUNCTION = YES;
				GCC_WARN_UNUSED_VARIABLE = YES;
				IPHONEOS_DEPLOYMENT_TARGET = 10.3;
				MTL_ENABLE_DEBUG_INFO = NO;
				SDKROOT = iphoneos;
				SWIFT_OPTIMIZATION_LEVEL = "-Owholemodule";
				VALIDATE_PRODUCT = YES;
			};
			name = Release;
		};
		E8BD22751EA3A47100862B4A /* Debug */ = {
			isa = XCBuildConfiguration;
			buildSettings = {
				ASSETCATALOG_COMPILER_APPICON_NAME = AppIcon;
				INFOPLIST_FILE = CalculatorTutorial/Info.plist;
				LD_RUNPATH_SEARCH_PATHS = "$(inherited) @executable_path/Frameworks";
				PRODUCT_BUNDLE_IDENTIFIER = com.dima.CalculatorTutorial;
				PRODUCT_NAME = "$(TARGET_NAME)";
				SWIFT_VERSION = 3.0;
			};
			name = Debug;
		};
		E8BD22761EA3A47100862B4A /* Release */ = {
			isa = XCBuildConfiguration;
			buildSettings = {
				ASSETCATALOG_COMPILER_APPICON_NAME = AppIcon;
				INFOPLIST_FILE = CalculatorTutorial/Info.plist;
				LD_RUNPATH_SEARCH_PATHS = "$(inherited) @executable_path/Frameworks";
				PRODUCT_BUNDLE_IDENTIFIER = com.dima.CalculatorTutorial;
				PRODUCT_NAME = "$(TARGET_NAME)";
				SWIFT_VERSION = 3.0;
			};
			name = Release;
		};
/* End XCBuildConfiguration section */

/* Begin XCConfigurationList section */
		E8BD225D1EA3A47100862B4A /* Build configuration list for PBXProject "CalculatorTutorial" */ = {
			isa = XCConfigurationList;
			buildConfigurations = (
				E8BD22721EA3A47100862B4A /* Debug */,
				E8BD22731EA3A47100862B4A /* Release */,
			);
			defaultConfigurationIsVisible = 0;
			defaultConfigurationName = Release;
		};
		E8BD22741EA3A47100862B4A /* Build configuration list for PBXNativeTarget "CalculatorTutorial" */ = {
			isa = XCConfigurationList;
			buildConfigurations = (
				E8BD22751EA3A47100862B4A /* Debug */,
				E8BD22761EA3A47100862B4A /* Release */,
			);
			defaultConfigurationIsVisible = 0;
		};
/* End XCConfigurationList section */
	};
	rootObject = E8BD225A1EA3A47100862B4A /* Project object */;
}
